
Microsoft Visual Studio Solution File, Format Version 12.00
# Visual Studio Version 17
VisualStudioVersion = 17.0.31903.59
MinimumVisualStudioVersion = 10.0.40219.1
Project("{9A19103F-16F7-4668-BE54-9A1E7A4F7556}") = "CaptchaN", "CaptchaN\CaptchaN.csproj", "{62A5D2E3-926F-4504-9AC3-8BDE0785FA1E}"
EndProject
Project("{9A19103F-16F7-4668-BE54-9A1E7A4F7556}") = "CaptchaN.DI.Microsoft", "CaptchaN.DI.Microsoft\CaptchaN.DI.Microsoft.csproj", "{EF8C9FF7-2A53-4DB0-9625-A503C8CA3256}"
EndProject
Project("{2150E333-8FDC-42A3-9474-1A3956D46DE8}") = "Src", "Src", "{D997B6BF-EAAC-4E38-A5BF-DA9CA991038E}"
EndProject
Project("{2150E333-8FDC-42A3-9474-1A3956D46DE8}") = "Samples", "Samples", "{068922B5-0591-497A-9A6E-34543911E00C}"
EndProject
Project("{9A19103F-16F7-4668-BE54-9A1E7A4F7556}") = "CaptchaN.WebApi", "..\Samples\CaptchaN.WebApi\CaptchaN.WebApi.csproj", "{BBC07BC0-4FDE-4494-9755-A6C288484BF8}"
EndProject
Global
	GlobalSection(SolutionConfigurationPlatforms) = preSolution
		Debug|Any CPU = Debug|Any CPU
		Release|Any CPU = Release|Any CPU
	EndGlobalSection
	GlobalSection(ProjectConfigurationPlatforms) = postSolution
		{62A5D2E3-926F-4504-9AC3-8BDE0785FA1E}.Debug|Any CPU.ActiveCfg = Debug|Any CPU
		{62A5D2E3-926F-4504-9AC3-8BDE0785FA1E}.Debug|Any CPU.Build.0 = Debug|Any CPU
		{62A5D2E3-926F-4504-9AC3-8BDE0785FA1E}.Release|Any CPU.ActiveCfg = Release|Any CPU
		{62A5D2E3-926F-4504-9AC3-8BDE0785FA1E}.Release|Any CPU.Build.0 = Release|Any CPU
		{EF8C9FF7-2A53-4DB0-9625-A503C8CA3256}.Debug|Any CPU.ActiveCfg = Debug|Any CPU
		{EF8C9FF7-2A53-4DB0-9625-A503C8CA3256}.Debug|Any CPU.Build.0 = Debug|Any CPU
		{EF8C9FF7-2A53-4DB0-9625-A503C8CA3256}.Release|Any CPU.ActiveCfg = Release|Any CPU
		{EF8C9FF7-2A53-4DB0-9625-A503C8CA3256}.Release|Any CPU.Build.0 = Release|Any CPU
		{BBC07BC0-4FDE-4494-9755-A6C288484BF8}.Debug|Any CPU.ActiveCfg = Debug|Any CPU
		{BBC07BC0-4FDE-4494-9755-A6C288484BF8}.Debug|Any CPU.Build.0 = Debug|Any CPU
		{BBC07BC0-4FDE-4494-9755-A6C288484BF8}.Release|Any CPU.ActiveCfg = Release|Any CPU
		{BBC07BC0-4FDE-4494-9755-A6C288484BF8}.Release|Any CPU.Build.0 = Release|Any CPU
	EndGlobalSection
	GlobalSection(SolutionProperties) = preSolution
		HideSolutionNode = FALSE
	EndGlobalSection
	GlobalSection(NestedProjects) = preSolution
		{62A5D2E3-926F-4504-9AC3-8BDE0785FA1E} = {D997B6BF-EAAC-4E38-A5BF-DA9CA991038E}
		{EF8C9FF7-2A53-4DB0-9625-A503C8CA3256} = {D997B6BF-EAAC-4E38-A5BF-DA9CA991038E}
		{BBC07BC0-4FDE-4494-9755-A6C288484BF8} = {068922B5-0591-497A-9A6E-34543911E00C}
	EndGlobalSection
	GlobalSection(ExtensibilityGlobals) = postSolution
		SolutionGuid = {F814B71C-53E6-434C-8A90-D279B6232618}
	EndGlobalSection
EndGlobal
