<Solution>
  <Folder Name="/Samples/">
    <Project Path="../Samples/CaptchaN.WebApi/CaptchaN.WebApi.csproj" />
  </Folder>
  <Folder Name="/Src/">
    <Project Path="CaptchaN.Abstractions/CaptchaN.Abstractions.csproj" />
    <Project Path="CaptchaN.Drawing.ImageMagick/CaptchaN.Drawing.ImageMagick.csproj" Id="b37c5609-753d-4e85-9efd-f3c3fe45ead0" />
    <Project Path="CaptchaN.Drawing.ImageSharp/CaptchaN.Drawing.ImageSharp.csproj" />
  </Folder>
</Solution>
